{
  "_meta": {
    "hash": {
      "sha256": "ad990b2533965112f15d39e9e177eea76807066eda5247e653f57ec66e3adbfd"
    },
    "pipfile-spec": 6,
    "requires": {
      "python_version": "3.12"
    },
    "sources": [
      {
        "name": "pypi",
        "url": "https://pypi.org/simple",
        "verify_ssl": true
      }
    ]
  },
  "default": {
    "marshmallow": {
      "hashes": [
        "sha256:4e65e9e0d80fc9e609574b9983cf32579f305c718afb30d7233ab818571768c3",
        "sha256:f085493f79efb0644f270a9bf2892843142d80d7174bbbd2f3713f2a589dc633"
      ],
      "index": "pypi",
      "markers": "python_version >= '3.8'",
      "version": "==3.21.1"
    },
    "packaging": {
      "hashes": [
        "sha256:2ddfb553fdf02fb784c234c7ba6ccc288296ceabec964ad2eae3777778130bc5",
        "sha256:eb82c5e3e56209074766e6885bb04b8c38a0c015d0a30036ebe7ece34c9989e9"
      ],
      "markers": "python_version >= '3.7'",
      "version": "==24.0"
    },
    "flask": {
      "version": "3.0.2"
    }
  },
  "develop": {}
}
